{
  "name": "app-shell",
  "lockfileVersion": 3,
  "requires": true,
  "packages": {
    "": {
      "name": "app-shell",
      "dependencies": {
        "@react-router/node": "7.9.2",
        "@react-router/serve": "7.9.2",
        "compression": "^1.8.1",
        "cross-env": "^10.0.0",
        "isbot": "^5"
      },
      "devDependencies": {}
    },
    "../../node_modules/.pnpm/@react-router+node@7.9.2_react-router@7.9.2_react-dom@19.1.1_react@19.1.1__react@19.1.1__typescript@5.9.2/node_modules/@react-router/node": {
      "version": "7.9.2",
      "license": "MIT",
      "dependencies": {
        "@mjackson/node-fetch-server": "^0.2.0"
      },
      "devDependencies": {
        "react-router": "7.9.2",
        "tsup": "^8.3.0",
        "typescript": "^5.1.6",
        "wireit": "0.14.9"
      },
      "engines": {
        "node": ">=20.0.0"
      },
      "peerDependencies": {
        "react-router": "7.9.2",
        "typescript": "^5.1.0"
      },
      "peerDependenciesMeta": {
        "typescript": {
          "optional": true
        }
      }
    },
    "../../node_modules/.pnpm/@react-router+serve@7.9.2_react-router@7.9.2_react-dom@19.1.1_react@19.1.1__react@19.1.1__typescript@5.9.2/node_modules/@react-router/serve": {
      "version": "7.9.2",
      "license": "MIT",
      "dependencies": {
        "@mjackson/node-fetch-server": "^0.2.0",
        "@react-router/express": "7.9.2",
        "@react-router/node": "7.9.2",
        "compression": "^1.7.4",
        "express": "^4.19.2",
        "get-port": "5.1.1",
        "morgan": "^1.10.0",
        "source-map-support": "^0.5.21"
      },
      "bin": {
        "react-router-serve": "bin.js"
      },
      "devDependencies": {
        "@types/compression": "^1.7.0",
        "@types/express": "^4.17.9",
        "@types/morgan": "^1.9.2",
        "@types/source-map-support": "^0.5.6",
        "tsup": "^8.3.0",
        "typescript": "^5.1.6",
        "wireit": "0.14.9"
      },
      "engines": {
        "node": ">=20.0.0"
      },
      "peerDependencies": {
        "react-router": "7.9.2"
      }
    },
    "../../node_modules/.pnpm/compression@1.8.1/node_modules/compression": {
      "version": "1.8.1",
      "license": "MIT",
      "dependencies": {
        "bytes": "3.1.2",
        "compressible": "~2.0.18",
        "debug": "2.6.9",
        "negotiator": "~0.6.4",
        "on-headers": "~1.1.0",
        "safe-buffer": "5.2.1",
        "vary": "~1.1.2"
      },
      "devDependencies": {
        "after": "0.8.2",
        "eslint": "7.32.0",
        "eslint-config-standard": "14.1.1",
        "eslint-plugin-import": "2.32.0",
        "eslint-plugin-markdown": "2.2.1",
        "eslint-plugin-node": "11.1.0",
        "eslint-plugin-promise": "5.2.0",
        "eslint-plugin-standard": "4.1.0",
        "mocha": "9.2.2",
        "nyc": "15.1.0",
        "supertest": "6.3.4"
      },
      "engines": {
        "node": ">= 0.8.0"
      }
    },
    "../../node_modules/.pnpm/cross-env@10.0.0/node_modules/cross-env": {
      "version": "10.0.0",
      "license": "MIT",
      "dependencies": {
        "@epic-web/invariant": "^1.0.0",
        "cross-spawn": "^7.0.6"
      },
      "bin": {
        "cross-env": "dist/bin/cross-env.js",
        "cross-env-shell": "dist/bin/cross-env-shell.js"
      },
      "devDependencies": {
        "@epic-web/config": "^1.21.1",
        "@types/cross-spawn": "^6.0.6",
        "@types/node": "^24.1.0",
        "@vitest/coverage-v8": "^3.2.4",
        "@vitest/ui": "^3.2.4",
        "eslint": "^9.32.0",
        "prettier": "^3.6.2",
        "typescript": "^5.8.3",
        "vitest": "^3.2.4",
        "zshy": "^0.2.5"
      },
      "engines": {
        "node": ">=20"
      }
    },
    "node_modules/@react-router/node": {
      "resolved": "../../node_modules/.pnpm/@react-router+node@7.9.2_react-router@7.9.2_react-dom@19.1.1_react@19.1.1__react@19.1.1__typescript@5.9.2/node_modules/@react-router/node",
      "link": true
    },
    "node_modules/@react-router/serve": {
      "resolved": "../../node_modules/.pnpm/@react-router+serve@7.9.2_react-router@7.9.2_react-dom@19.1.1_react@19.1.1__react@19.1.1__typescript@5.9.2/node_modules/@react-router/serve",
      "link": true
    },
    "node_modules/compression": {
      "resolved": "../../node_modules/.pnpm/compression@1.8.1/node_modules/compression",
      "link": true
    },
    "node_modules/cross-env": {
      "resolved": "../../node_modules/.pnpm/cross-env@10.0.0/node_modules/cross-env",
      "link": true
    },
    "node_modules/isbot": {
      "version": "5.1.31",
      "resolved": "https://registry.npmjs.org/isbot/-/isbot-5.1.31.tgz",
      "integrity": "sha512-DPgQshehErHAqSCKDb3rNW03pa2wS/v5evvUqtxt6TTnHRqAG8FdzcSSJs9656pK6Y+NT7K9R4acEYXLHYfpUQ==",
      "license": "Unlicense",
      "engines": {
        "node": ">=18"
      }
    }
  }
}
